
Microsoft Visual Studio Solution File, Format Version 12.00
# Visual Studio Version 16
VisualStudioVersion = 16.0.31729.503
MinimumVisualStudioVersion = 10.0.40219.1
Project("{FAE04EC0-301F-11D3-BF4B-00C04F79EFBC}") = "kargo_takip_uygulaması", "kargo_takip_uygulaması\kargo_takip_uygulaması.csproj", "{3F536352-6D53-433E-AD33-D4277BC54AD7}"
EndProject
Global
	GlobalSection(SolutionConfigurationPlatforms) = preSolution
		Debug|Any CPU = Debug|Any CPU
		Release|Any CPU = Release|Any CPU
	EndGlobalSection
	GlobalSection(ProjectConfigurationPlatforms) = postSolution
		{3F536352-6D53-433E-AD33-D4277BC54AD7}.Debug|Any CPU.ActiveCfg = Debug|Any CPU
		{3F536352-6D53-433E-AD33-D4277BC54AD7}.Debug|Any CPU.Build.0 = Debug|Any CPU
		{3F536352-6D53-433E-AD33-D4277BC54AD7}.Release|Any CPU.ActiveCfg = Release|Any CPU
		{3F536352-6D53-433E-AD33-D4277BC54AD7}.Release|Any CPU.Build.0 = Release|Any CPU
	EndGlobalSection
	GlobalSection(SolutionProperties) = preSolution
		HideSolutionNode = FALSE
	EndGlobalSection
	GlobalSection(ExtensibilityGlobals) = postSolution
		SolutionGuid = {3757A1EA-A147-4F5F-A8A7-6916C1F8D535}
	EndGlobalSection
EndGlobal
